# THIS IS AN AUTOGENERATED FILE. DO NOT EDIT THIS FILE DIRECTLY.
# yarn lockfile v1


bootstrap3@^3.3.5:
  version "3.3.5"
  resolved "https://registry.yarnpkg.com/bootstrap3/-/bootstrap3-3.3.5.tgz#496a4ef6c087214fa96838196d60de645e82591a"
  integrity sha1-SWpO9sCHIU+paDgZbWDeZF6CWRo=

jquery-ui@>=1.0, jquery-ui@^1.12.1:
  version "1.13.1"
  resolved "https://registry.yarnpkg.com/jquery-ui/-/jquery-ui-1.13.1.tgz#d0b7a42e73a04c31bb5706adf86f6f8942f64eaa"
  integrity sha512-2VlU59N5P4HaumDK1Z3XEVjSvegFbEOQRgpHUBaB2Ak98Axl3hFhJ6RFcNQNuk9SfL6WxIbuLst8dW/U56NSiA==
  dependencies:
    jquery ">=1.8.0 <4.0.0"

jquery@>=1.7, "jquery@>=1.8.0 <4.0.0", jquery@^3.4.1:
  version "3.6.0"
  resolved "https://registry.yarnpkg.com/jquery/-/jquery-3.6.0.tgz#c72a09f15c1bdce142f49dbf1170bdf8adac2470"
  integrity sha512-JVzAR/AjBvVt2BmYhxRCSYysDsPcssdmTFnzyLEts9qNwmjmu4JTAMYubEfwVOSwpQ1I1sKKFcxhZCI2buerfw==

select2-bootstrap-css@^1.4.6:
  version "1.4.6"
  resolved "https://registry.yarnpkg.com/select2-bootstrap-css/-/select2-bootstrap-css-1.4.6.tgz#5cfb68246f5299ca1858e01efd788804c734997e"
  integrity sha1-XPtoJG9SmcoYWOAe/XiIBMc0mX4=

select2@^4.0.13:
  version "4.0.13"
  resolved "https://registry.yarnpkg.com/select2/-/select2-4.0.13.tgz#0dbe377df3f96167c4c1626033e924372d8ef44d"
  integrity sha512-1JeB87s6oN/TDxQQYCvS5EFoQyvV6eYMZZ0AeA4tdFDYWN3BAGZ8npr17UBFddU0lgAt3H0yjX3X6/ekOj1yjw==

symfony-collection@^2.1.30:
  version "2.1.30"
  resolved "https://registry.yarnpkg.com/symfony-collection/-/symfony-collection-2.1.30.tgz#c9b50abec1a080a6694973d91975d1acf14efb31"
  integrity sha512-IkTiqKbfDkR6kZD1Fg6JkZFErMSx8wyu/PQt87UPGkcjeDrVxMmuGviLZys0FSdCReYc6oa94uuIOZS10OBzDw==
  dependencies:
    jquery ">=1.7"
    jquery-ui ">=1.0"

tinymce@^5.4.0:
  version "5.10.4"
  resolved "https://registry.yarnpkg.com/tinymce/-/tinymce-5.10.4.tgz#24ee843c7648ade708605dec15d8dad07809f7db"
  integrity sha512-L0ivAhGu7bEo6cUBrCzhtKlkIQqG2sTcL+uu7soMSxrECQIC5VwUnzp9HCEf+fRl36q6zavLV48lf8jelj+gXA==
