# THIS IS AN AUTOGENERATED FILE. DO NOT EDIT THIS FILE DIRECTLY.
# yarn lockfile v1


bootstrap3@^3.3.5:
  version "3.3.5"
  resolved "https://registry.yarnpkg.com/bootstrap3/-/bootstrap3-3.3.5.tgz#496a4ef6c087214fa96838196d60de645e82591a"
  integrity sha1-SWpO9sCHIU+paDgZbWDeZF6CWRo=

jquery-ui@>=1.0, jquery-ui@^1.12.1:
  version "1.12.1"
  resolved "https://registry.yarnpkg.com/jquery-ui/-/jquery-ui-1.12.1.tgz#bcb4045c8dd0539c134bc1488cdd3e768a7a9e51"
  integrity sha1-vLQEXI3QU5wTS8FIjN0+dop6nlE=

jquery@>=1.7, jquery@^3.4.1:
  version "3.4.1"
  resolved "https://registry.yarnpkg.com/jquery/-/jquery-3.4.1.tgz#714f1f8d9dde4bdfa55764ba37ef214630d80ef2"
  integrity sha512-36+AdBzCL+y6qjw5Tx7HgzeGCzC81MDDgaUP8ld2zhx58HdqXGoBd+tHdrBMiyjGQs0Hxs/MLZTu/eHNJJuWPw==

select2-bootstrap-css@^1.4.6:
  version "1.4.6"
  resolved "https://registry.yarnpkg.com/select2-bootstrap-css/-/select2-bootstrap-css-1.4.6.tgz#5cfb68246f5299ca1858e01efd788804c734997e"
  integrity sha1-XPtoJG9SmcoYWOAe/XiIBMc0mX4=

select2@^4.0.13:
  version "4.0.13"
  resolved "https://registry.yarnpkg.com/select2/-/select2-4.0.13.tgz#0dbe377df3f96167c4c1626033e924372d8ef44d"
  integrity sha512-1JeB87s6oN/TDxQQYCvS5EFoQyvV6eYMZZ0AeA4tdFDYWN3BAGZ8npr17UBFddU0lgAt3H0yjX3X6/ekOj1yjw==

symfony-collection@^2.1.30:
  version "2.1.30"
  resolved "https://registry.yarnpkg.com/symfony-collection/-/symfony-collection-2.1.30.tgz#c9b50abec1a080a6694973d91975d1acf14efb31"
  integrity sha512-IkTiqKbfDkR6kZD1Fg6JkZFErMSx8wyu/PQt87UPGkcjeDrVxMmuGviLZys0FSdCReYc6oa94uuIOZS10OBzDw==
  dependencies:
    jquery ">=1.7"
    jquery-ui ">=1.0"

tinymce@^5.1.6:
  version "5.1.6"
  resolved "https://registry.yarnpkg.com/tinymce/-/tinymce-5.1.6.tgz#20b484dbb31f7678484fa5c7b639ff6992f27e8b"
  integrity sha512-QDFLqHhYyHaY8e6nWLeM5zrkWOzPA3FqcBKbhEin47cna/0jNHL4DzNqmZpmA7ch9AWBF24Nzvhf1gzUFkE4aQ==
